PODS:
  - Flutter (1.0.0)
  - flutter_blue_plus_darwin (0.0.2):
    - Flutter
    - FlutterMacOS
  - permission_handler_apple (9.3.0):
    - Flutter
  - workmanager (0.0.1):
    - Flutter

DEPENDENCIES:
  - Flutter (from `Flutter`)
  - flutter_blue_plus_darwin (from `.symlinks/plugins/flutter_blue_plus_darwin/darwin`)
  - permission_handler_apple (from `.symlinks/plugins/permission_handler_apple/ios`)
  - workmanager (from `.symlinks/plugins/workmanager/ios`)

EXTERNAL SOURCES:
  Flutter:
    :path: Flutter
  flutter_blue_plus_darwin:
    :path: ".symlinks/plugins/flutter_blue_plus_darwin/darwin"
  permission_handler_apple:
    :path: ".symlinks/plugins/permission_handler_apple/ios"
  workmanager:
    :path: ".symlinks/plugins/workmanager/ios"

SPEC CHECKSUMS:
  Flutter: e0871f40cf51350855a761d2e70bf5af5b9b5de7
  flutter_blue_plus_darwin: 3ea4ec9133b377febcc8a70b28cd2d2dc9242bd9
  permission_handler_apple: 9878588469a2b0d0fc1e048d9f43605f92e6cec2
  workmanager: 0afdcf5628bbde6924c21af7836fed07b42e30e6

PODFILE CHECKSUM: 28f13f29c2981e7c170f3ebff6cd3e1afb9e8aa6

COCOAPODS: 1.16.2
